// !$*UTF8*$!
{
	archiveVersion = 1;
	classes = {
	};
	objectVersion = 56;
	objects = {

/* Begin PBXBuildFile section */
		980A7F602AB76B3F003E8DDC /* AlertBellView.swift in Sources */ = {isa = PBXBuildFile; fileRef = 980A7F5F2AB76B3F003E8DDC /* AlertBellView.swift */; };
		980A7F622AB77244003E8DDC /* QuotesData.swift in Sources */ = {isa = PBXBuildFile; fileRef = 980A7F612AB77244003E8DDC /* QuotesData.swift */; };
		988CE5082AB3249100EADBA4 /* turtledApp.swift in Sources */ = {isa = PBXBuildFile; fileRef = 988CE5072AB3249100EADBA4 /* turtledApp.swift */; };
		988CE50A2AB3249100EADBA4 /* ContentView.swift in Sources */ = {isa = PBXBuildFile; fileRef = 988CE5092AB3249100EADBA4 /* ContentView.swift */; };
		988CE50C2AB3249200EADBA4 /* Assets.xcassets in Resources */ = {isa = PBXBuildFile; fileRef = 988CE50B2AB3249200EADBA4 /* Assets.xcassets */; };
		988CE50F2AB3249200EADBA4 /* Preview Assets.xcassets in Resources */ = {isa = PBXBuildFile; fileRef = 988CE50E2AB3249200EADBA4 /* Preview Assets.xcassets */; };
		98B923A22AB6E53100BC531F /* ProfileView.swift in Sources */ = {isa = PBXBuildFile; fileRef = 98B923A12AB6E53100BC531F /* ProfileView.swift */; };
		98B923A52AB6E54100BC531F /* MedalView.swift in Sources */ = {isa = PBXBuildFile; fileRef = 98B923A42AB6E54100BC531F /* MedalView.swift */; };
		98B923A92AB6E56200BC531F /* DalsungView.swift in Sources */ = {isa = PBXBuildFile; fileRef = 98B923A82AB6E56200BC531F /* DalsungView.swift */; };
		98B923AC2AB6E57500BC531F /* HomeView.swift in Sources */ = {isa = PBXBuildFile; fileRef = 98B923AB2AB6E57500BC531F /* HomeView.swift */; };
		98B923AF2AB6EDD300BC531F /* MedalModel.swift in Sources */ = {isa = PBXBuildFile; fileRef = 98B923AE2AB6EDD300BC531F /* MedalModel.swift */; };
		98B923BA2AB6F35F00BC531F /* SUIT-SemiBold.otf in Resources */ = {isa = PBXBuildFile; fileRef = 98B923B62AB6F35F00BC531F /* SUIT-SemiBold.otf */; };
		98B923BB2AB6F35F00BC531F /* SUIT-Regular.otf in Resources */ = {isa = PBXBuildFile; fileRef = 98B923B72AB6F35F00BC531F /* SUIT-Regular.otf */; };
		98B923BC2AB6F35F00BC531F /* SUIT-Bold.otf in Resources */ = {isa = PBXBuildFile; fileRef = 98B923B82AB6F35F00BC531F /* SUIT-Bold.otf */; };
		98B923BD2AB6F35F00BC531F /* SUIT-Medium.otf in Resources */ = {isa = PBXBuildFile; fileRef = 98B923B92AB6F35F00BC531F /* SUIT-Medium.otf */; };
		98B923C22AB6F7AA00BC531F /* AlertView.swift in Sources */ = {isa = PBXBuildFile; fileRef = 98B923C12AB6F7AA00BC531F /* AlertView.swift */; };
		98B923C42AB6FCBC00BC531F /* CalendarView.swift in Sources */ = {isa = PBXBuildFile; fileRef = 98B923C32AB6FCBC00BC531F /* CalendarView.swift */; };
		98B923C62AB6FCE000BC531F /* DayModel.swift in Sources */ = {isa = PBXBuildFile; fileRef = 98B923C52AB6FCE000BC531F /* DayModel.swift */; };
		98B923C82AB6FD9700BC531F /* CalendarHeaderChangeMonthSwiftUIView.swift in Sources */ = {isa = PBXBuildFile; fileRef = 98B923C72AB6FD9700BC531F /* CalendarHeaderChangeMonthSwiftUIView.swift */; };
		98B923CA2AB6FDB000BC531F /* CalendarWeekSwiftUIView.swift in Sources */ = {isa = PBXBuildFile; fileRef = 98B923C92AB6FDAF00BC531F /* CalendarWeekSwiftUIView.swift */; };
		98B923CD2AB6FDD200BC531F /* CircularProgressBar.swift in Sources */ = {isa = PBXBuildFile; fileRef = 98B923CC2AB6FDD200BC531F /* CircularProgressBar.swift */; };
		98B923CF2AB6FDF900BC531F /* WeekdayHeaderSwiftUIView.swift in Sources */ = {isa = PBXBuildFile; fileRef = 98B923CE2AB6FDF900BC531F /* WeekdayHeaderSwiftUIView.swift */; };
		98B923D12AB704E900BC531F /* StretchingSessionModel.swift in Sources */ = {isa = PBXBuildFile; fileRef = 98B923D02AB704E900BC531F /* StretchingSessionModel.swift */; };
		98B923D42AB71EEC00BC531F /* Date.swift in Sources */ = {isa = PBXBuildFile; fileRef = 98B923D32AB71EEC00BC531F /* Date.swift */; };
		98B923D82AB7344E00BC531F /* CalendarTodoHeaderSwiftUIView.swift in Sources */ = {isa = PBXBuildFile; fileRef = 98B923D72AB7344E00BC531F /* CalendarTodoHeaderSwiftUIView.swift */; };
/* End PBXBuildFile section */

/* Begin PBXFileReference section */
		980A7F5F2AB76B3F003E8DDC /* AlertBellView.swift */ = {isa = PBXFileReference; lastKnownFileType = sourcecode.swift; path = AlertBellView.swift; sourceTree = "<group>"; };
		980A7F612AB77244003E8DDC /* QuotesData.swift */ = {isa = PBXFileReference; lastKnownFileType = sourcecode.swift; path = QuotesData.swift; sourceTree = "<group>"; };
		988CE5042AB3249100EADBA4 /* turtled.app */ = {isa = PBXFileReference; explicitFileType = wrapper.application; includeInIndex = 0; path = turtled.app; sourceTree = BUILT_PRODUCTS_DIR; };
		988CE5072AB3249100EADBA4 /* turtledApp.swift */ = {isa = PBXFileReference; lastKnownFileType = sourcecode.swift; path = turtledApp.swift; sourceTree = "<group>"; };
		988CE5092AB3249100EADBA4 /* ContentView.swift */ = {isa = PBXFileReference; lastKnownFileType = sourcecode.swift; path = ContentView.swift; sourceTree = "<group>"; };
		988CE50B2AB3249200EADBA4 /* Assets.xcassets */ = {isa = PBXFileReference; lastKnownFileType = folder.assetcatalog; path = Assets.xcassets; sourceTree = "<group>"; };
		988CE50E2AB3249200EADBA4 /* Preview Assets.xcassets */ = {isa = PBXFileReference; lastKnownFileType = folder.assetcatalog; path = "Preview Assets.xcassets"; sourceTree = "<group>"; };
		98B923A12AB6E53100BC531F /* ProfileView.swift */ = {isa = PBXFileReference; lastKnownFileType = sourcecode.swift; path = ProfileView.swift; sourceTree = "<group>"; };
		98B923A42AB6E54100BC531F /* MedalView.swift */ = {isa = PBXFileReference; lastKnownFileType = sourcecode.swift; path = MedalView.swift; sourceTree = "<group>"; };
		98B923A82AB6E56200BC531F /* DalsungView.swift */ = {isa = PBXFileReference; lastKnownFileType = sourcecode.swift; path = DalsungView.swift; sourceTree = "<group>"; };
		98B923AB2AB6E57500BC531F /* HomeView.swift */ = {isa = PBXFileReference; lastKnownFileType = sourcecode.swift; path = HomeView.swift; sourceTree = "<group>"; };
		98B923AE2AB6EDD300BC531F /* MedalModel.swift */ = {isa = PBXFileReference; lastKnownFileType = sourcecode.swift; path = MedalModel.swift; sourceTree = "<group>"; };
		98B923B02AB6F30E00BC531F /* Info.plist */ = {isa = PBXFileReference; lastKnownFileType = text.plist; path = Info.plist; sourceTree = "<group>"; };
		98B923B62AB6F35F00BC531F /* SUIT-SemiBold.otf */ = {isa = PBXFileReference; lastKnownFileType = file; path = "SUIT-SemiBold.otf"; sourceTree = "<group>"; };
		98B923B72AB6F35F00BC531F /* SUIT-Regular.otf */ = {isa = PBXFileReference; lastKnownFileType = file; path = "SUIT-Regular.otf"; sourceTree = "<group>"; };
		98B923B82AB6F35F00BC531F /* SUIT-Bold.otf */ = {isa = PBXFileReference; lastKnownFileType = file; path = "SUIT-Bold.otf"; sourceTree = "<group>"; };
		98B923B92AB6F35F00BC531F /* SUIT-Medium.otf */ = {isa = PBXFileReference; lastKnownFileType = file; path = "SUIT-Medium.otf"; sourceTree = "<group>"; };
		98B923C12AB6F7AA00BC531F /* AlertView.swift */ = {isa = PBXFileReference; lastKnownFileType = sourcecode.swift; path = AlertView.swift; sourceTree = "<group>"; };
		98B923C32AB6FCBC00BC531F /* CalendarView.swift */ = {isa = PBXFileReference; lastKnownFileType = sourcecode.swift; path = CalendarView.swift; sourceTree = "<group>"; };
		98B923C52AB6FCE000BC531F /* DayModel.swift */ = {isa = PBXFileReference; lastKnownFileType = sourcecode.swift; path = DayModel.swift; sourceTree = "<group>"; };
		98B923C72AB6FD9700BC531F /* CalendarHeaderChangeMonthSwiftUIView.swift */ = {isa = PBXFileReference; lastKnownFileType = sourcecode.swift; path = CalendarHeaderChangeMonthSwiftUIView.swift; sourceTree = "<group>"; };
		98B923C92AB6FDAF00BC531F /* CalendarWeekSwiftUIView.swift */ = {isa = PBXFileReference; lastKnownFileType = sourcecode.swift; path = CalendarWeekSwiftUIView.swift; sourceTree = "<group>"; };
		98B923CC2AB6FDD200BC531F /* CircularProgressBar.swift */ = {isa = PBXFileReference; lastKnownFileType = sourcecode.swift; path = CircularProgressBar.swift; sourceTree = "<group>"; };
		98B923CE2AB6FDF900BC531F /* WeekdayHeaderSwiftUIView.swift */ = {isa = PBXFileReference; lastKnownFileType = sourcecode.swift; path = WeekdayHeaderSwiftUIView.swift; sourceTree = "<group>"; };
		98B923D02AB704E900BC531F /* StretchingSessionModel.swift */ = {isa = PBXFileReference; lastKnownFileType = sourcecode.swift; path = StretchingSessionModel.swift; sourceTree = "<group>"; };
		98B923D32AB71EEC00BC531F /* Date.swift */ = {isa = PBXFileReference; lastKnownFileType = sourcecode.swift; path = Date.swift; sourceTree = "<group>"; };
		98B923D72AB7344E00BC531F /* CalendarTodoHeaderSwiftUIView.swift */ = {isa = PBXFileReference; lastKnownFileType = sourcecode.swift; path = CalendarTodoHeaderSwiftUIView.swift; sourceTree = "<group>"; };
/* End PBXFileReference section */

/* Begin PBXFrameworksBuildPhase section */
		988CE5012AB3249100EADBA4 /* Frameworks */ = {
			isa = PBXFrameworksBuildPhase;
			buildActionMask = 2147483647;
			files = (
			);
			runOnlyForDeploymentPostprocessing = 0;
		};
/* End PBXFrameworksBuildPhase section */

/* Begin PBXGroup section */
		980A7F572AB76756003E8DDC /* Login */ = {
			isa = PBXGroup;
			children = (
				980A7F582AB76761003E8DDC /* Views */,
			);
			path = Login;
			sourceTree = "<group>";
		};
		980A7F582AB76761003E8DDC /* Views */ = {
			isa = PBXGroup;
			children = (
			);
			path = Views;
			sourceTree = "<group>";
		};
		980A7F592AB76AB0003E8DDC /* AlertBell */ = {
			isa = PBXGroup;
			children = (
				980A7F5E2AB76B31003E8DDC /* View */,
			);
			path = AlertBell;
			sourceTree = "<group>";
		};
		980A7F5E2AB76B31003E8DDC /* View */ = {
			isa = PBXGroup;
			children = (
				980A7F5F2AB76B3F003E8DDC /* AlertBellView.swift */,
			);
			path = View;
			sourceTree = "<group>";
		};
		988CE4FB2AB3249100EADBA4 = {
			isa = PBXGroup;
			children = (
				988CE5062AB3249100EADBA4 /* turtled */,
				988CE5052AB3249100EADBA4 /* Products */,
			);
			sourceTree = "<group>";
		};
		988CE5052AB3249100EADBA4 /* Products */ = {
			isa = PBXGroup;
			children = (
				988CE5042AB3249100EADBA4 /* turtled.app */,
			);
			name = Products;
			sourceTree = "<group>";
		};
		988CE5062AB3249100EADBA4 /* turtled */ = {
			isa = PBXGroup;
			children = (
				98B923B02AB6F30E00BC531F /* Info.plist */,
				98B923962AB6E12000BC531F /* Code */,
				98B923952AB6E11100BC531F /* Resources */,
				988CE5072AB3249100EADBA4 /* turtledApp.swift */,
				988CE5092AB3249100EADBA4 /* ContentView.swift */,
				988CE50D2AB3249200EADBA4 /* Preview Content */,
			);
			path = turtled;
			sourceTree = "<group>";
		};
		988CE50D2AB3249200EADBA4 /* Preview Content */ = {
			isa = PBXGroup;
			children = (
				988CE50E2AB3249200EADBA4 /* Preview Assets.xcassets */,
			);
			path = "Preview Content";
			sourceTree = "<group>";
		};
		98B923952AB6E11100BC531F /* Resources */ = {
			isa = PBXGroup;
			children = (
				98B923B12AB6F34300BC531F /* Fonts */,
				988CE50B2AB3249200EADBA4 /* Assets.xcassets */,
			);
			path = Resources;
			sourceTree = "<group>";
		};
		98B923962AB6E12000BC531F /* Code */ = {
			isa = PBXGroup;
			children = (
				98B9239B2AB6E1AB00BC531F /* Utiles */,
				98B923972AB6E12400BC531F /* Feature */,
			);
			path = Code;
			sourceTree = "<group>";
		};
		98B923972AB6E12400BC531F /* Feature */ = {
			isa = PBXGroup;
			children = (
				980A7F592AB76AB0003E8DDC /* AlertBell */,
				980A7F572AB76756003E8DDC /* Login */,
				98B923BE2AB6F79100BC531F /* Alert */,
				98B9239E2AB6E51D00BC531F /* Profile */,
				98B9239D2AB6E51900BC531F /* Medal */,
				98B9239C2AB6E50F00BC531F /* Dalsung */,
				98B923982AB6E12700BC531F /* Home */,
			);
			path = Feature;
			sourceTree = "<group>";
		};
		98B923982AB6E12700BC531F /* Home */ = {
			isa = PBXGroup;
			children = (
				98B9239A2AB6E13600BC531F /* Models */,
				98B923992AB6E12D00BC531F /* Views */,
			);
			path = Home;
			sourceTree = "<group>";
		};
		98B923992AB6E12D00BC531F /* Views */ = {
			isa = PBXGroup;
			children = (
				98B923AB2AB6E57500BC531F /* HomeView.swift */,
			);
			path = Views;
			sourceTree = "<group>";
		};
		98B9239A2AB6E13600BC531F /* Models */ = {
			isa = PBXGroup;
			children = (
				980A7F612AB77244003E8DDC /* QuotesData.swift */,
			);
			path = Models;
			sourceTree = "<group>";
		};
		98B9239B2AB6E1AB00BC531F /* Utiles */ = {
			isa = PBXGroup;
			children = (
				98B923D22AB71EDD00BC531F /* Extension */,
			);
			path = Utiles;
			sourceTree = "<group>";
		};
		98B9239C2AB6E50F00BC531F /* Dalsung */ = {
			isa = PBXGroup;
			children = (
				98B923AD2AB6E57900BC531F /* Models */,
				98B923A72AB6E55A00BC531F /* Views */,
			);
			path = Dalsung;
			sourceTree = "<group>";
		};
		98B9239D2AB6E51900BC531F /* Medal */ = {
			isa = PBXGroup;
			children = (
				98B923A62AB6E54900BC531F /* Models */,
				98B923A32AB6E53700BC531F /* Views */,
			);
			path = Medal;
			sourceTree = "<group>";
		};
		98B9239E2AB6E51D00BC531F /* Profile */ = {
			isa = PBXGroup;
			children = (
				98B923A02AB6E52400BC531F /* Views */,
				98B9239F2AB6E52100BC531F /* Models */,
			);
			path = Profile;
			sourceTree = "<group>";
		};
		98B9239F2AB6E52100BC531F /* Models */ = {
			isa = PBXGroup;
			children = (
			);
			path = Models;
			sourceTree = "<group>";
		};
		98B923A02AB6E52400BC531F /* Views */ = {
			isa = PBXGroup;
			children = (
				98B923A12AB6E53100BC531F /* ProfileView.swift */,
			);
			path = Views;
			sourceTree = "<group>";
		};
		98B923A32AB6E53700BC531F /* Views */ = {
			isa = PBXGroup;
			children = (
				98B923A42AB6E54100BC531F /* MedalView.swift */,
			);
			path = Views;
			sourceTree = "<group>";
		};
		98B923A62AB6E54900BC531F /* Models */ = {
			isa = PBXGroup;
			children = (
				98B923AE2AB6EDD300BC531F /* MedalModel.swift */,
			);
			path = Models;
			sourceTree = "<group>";
		};
		98B923A72AB6E55A00BC531F /* Views */ = {
			isa = PBXGroup;
			children = (
				98B923A82AB6E56200BC531F /* DalsungView.swift */,
				98B923C32AB6FCBC00BC531F /* CalendarView.swift */,
				98B923C72AB6FD9700BC531F /* CalendarHeaderChangeMonthSwiftUIView.swift */,
				98B923C92AB6FDAF00BC531F /* CalendarWeekSwiftUIView.swift */,
				98B923CC2AB6FDD200BC531F /* CircularProgressBar.swift */,
				98B923CE2AB6FDF900BC531F /* WeekdayHeaderSwiftUIView.swift */,
				98B923D72AB7344E00BC531F /* CalendarTodoHeaderSwiftUIView.swift */,
			);
			path = Views;
			sourceTree = "<group>";
		};
		98B923AD2AB6E57900BC531F /* Models */ = {
			isa = PBXGroup;
			children = (
				98B923C52AB6FCE000BC531F /* DayModel.swift */,
				98B923D02AB704E900BC531F /* StretchingSessionModel.swift */,
			);
			path = Models;
			sourceTree = "<group>";
		};
		98B923B12AB6F34300BC531F /* Fonts */ = {
			isa = PBXGroup;
			children = (
				98B923B82AB6F35F00BC531F /* SUIT-Bold.otf */,
				98B923B92AB6F35F00BC531F /* SUIT-Medium.otf */,
				98B923B72AB6F35F00BC531F /* SUIT-Regular.otf */,
				98B923B62AB6F35F00BC531F /* SUIT-SemiBold.otf */,
			);
			path = Fonts;
			sourceTree = "<group>";
		};
		98B923BE2AB6F79100BC531F /* Alert */ = {
			isa = PBXGroup;
			children = (
				98B923BF2AB6F79500BC531F /* View */,
			);
			path = Alert;
			sourceTree = "<group>";
		};
		98B923BF2AB6F79500BC531F /* View */ = {
			isa = PBXGroup;
			children = (
				98B923C12AB6F7AA00BC531F /* AlertView.swift */,
			);
			path = View;
			sourceTree = "<group>";
		};
		98B923D22AB71EDD00BC531F /* Extension */ = {
			isa = PBXGroup;
			children = (
				98B923D32AB71EEC00BC531F /* Date.swift */,
			);
			path = Extension;
			sourceTree = "<group>";
		};
/* End PBXGroup section */

/* Begin PBXNativeTarget section */
		988CE5032AB3249100EADBA4 /* turtled */ = {
			isa = PBXNativeTarget;
			buildConfigurationList = 988CE5122AB3249200EADBA4 /* Build configuration list for PBXNativeTarget "turtled" */;
			buildPhases = (
				988CE5002AB3249100EADBA4 /* Sources */,
				988CE5012AB3249100EADBA4 /* Frameworks */,
				988CE5022AB3249100EADBA4 /* Resources */,
			);
			buildRules = (
			);
			dependencies = (
			);
			name = turtled;
			productName = turtled;
			productReference = 988CE5042AB3249100EADBA4 /* turtled.app */;
			productType = "com.apple.product-type.application";
		};
/* End PBXNativeTarget section */

/* Begin PBXProject section */
		988CE4FC2AB3249100EADBA4 /* Project object */ = {
			isa = PBXProject;
			attributes = {
				BuildIndependentTargetsInParallel = 1;
				LastSwiftUpdateCheck = 1430;
				LastUpgradeCheck = 1430;
				TargetAttributes = {
					988CE5032AB3249100EADBA4 = {
						CreatedOnToolsVersion = 14.3.1;
					};
				};
			};
			buildConfigurationList = 988CE4FF2AB3249100EADBA4 /* Build configuration list for PBXProject "turtled" */;
			compatibilityVersion = "Xcode 14.0";
			developmentRegion = en;
			hasScannedForEncodings = 0;
			knownRegions = (
				en,
				Base,
			);
			mainGroup = 988CE4FB2AB3249100EADBA4;
			productRefGroup = 988CE5052AB3249100EADBA4 /* Products */;
			projectDirPath = "";
			projectRoot = "";
			targets = (
				988CE5032AB3249100EADBA4 /* turtled */,
			);
		};
/* End PBXProject section */

/* Begin PBXResourcesBuildPhase section */
		988CE5022AB3249100EADBA4 /* Resources */ = {
			isa = PBXResourcesBuildPhase;
			buildActionMask = 2147483647;
			files = (
				98B923BA2AB6F35F00BC531F /* SUIT-SemiBold.otf in Resources */,
				988CE50F2AB3249200EADBA4 /* Preview Assets.xcassets in Resources */,
				98B923BC2AB6F35F00BC531F /* SUIT-Bold.otf in Resources */,
				98B923BD2AB6F35F00BC531F /* SUIT-Medium.otf in Resources */,
				988CE50C2AB3249200EADBA4 /* Assets.xcassets in Resources */,
				98B923BB2AB6F35F00BC531F /* SUIT-Regular.otf in Resources */,
			);
			runOnlyForDeploymentPostprocessing = 0;
		};
/* End PBXResourcesBuildPhase section */

/* Begin PBXSourcesBuildPhase section */
		988CE5002AB3249100EADBA4 /* Sources */ = {
			isa = PBXSourcesBuildPhase;
			buildActionMask = 2147483647;
			files = (
				98B923CA2AB6FDB000BC531F /* CalendarWeekSwiftUIView.swift in Sources */,
				98B923A52AB6E54100BC531F /* MedalView.swift in Sources */,
				98B923A92AB6E56200BC531F /* DalsungView.swift in Sources */,
				98B923D42AB71EEC00BC531F /* Date.swift in Sources */,
				988CE50A2AB3249100EADBA4 /* ContentView.swift in Sources */,
				98B923AC2AB6E57500BC531F /* HomeView.swift in Sources */,
				98B923D82AB7344E00BC531F /* CalendarTodoHeaderSwiftUIView.swift in Sources */,
				98B923A22AB6E53100BC531F /* ProfileView.swift in Sources */,
				98B923C42AB6FCBC00BC531F /* CalendarView.swift in Sources */,
				98B923C62AB6FCE000BC531F /* DayModel.swift in Sources */,
				98B923CF2AB6FDF900BC531F /* WeekdayHeaderSwiftUIView.swift in Sources */,
				98B923C22AB6F7AA00BC531F /* AlertView.swift in Sources */,
				980A7F622AB77244003E8DDC /* QuotesData.swift in Sources */,
				98B923AF2AB6EDD300BC531F /* MedalModel.swift in Sources */,
				98B923C82AB6FD9700BC531F /* CalendarHeaderChangeMonthSwiftUIView.swift in Sources */,
				98B923D12AB704E900BC531F /* StretchingSessionModel.swift in Sources */,
				988CE5082AB3249100EADBA4 /* turtledApp.swift in Sources */,
				980A7F602AB76B3F003E8DDC /* AlertBellView.swift in Sources */,
				98B923CD2AB6FDD200BC531F /* CircularProgressBar.swift in Sources */,
			);
			runOnlyForDeploymentPostprocessing = 0;
		};
/* End PBXSourcesBuildPhase section */

/* Begin XCBuildConfiguration section */
		988CE5102AB3249200EADBA4 /* Debug */ = {
			isa = XCBuildConfiguration;
			buildSettings = {
				ALWAYS_SEARCH_USER_PATHS = NO;
				CLANG_ANALYZER_NONNULL = YES;
				CLANG_ANALYZER_NUMBER_OBJECT_CONVERSION = YES_AGGRESSIVE;
				CLANG_CXX_LANGUAGE_STANDARD = "gnu++20";
				CLANG_ENABLE_MODULES = YES;
				CLANG_ENABLE_OBJC_ARC = YES;
				CLANG_ENABLE_OBJC_WEAK = YES;
				CLANG_WARN_BLOCK_CAPTURE_AUTORELEASING = YES;
				CLANG_WARN_BOOL_CONVERSION = YES;
				CLANG_WARN_COMMA = YES;
				CLANG_WARN_CONSTANT_CONVERSION = YES;
				CLANG_WARN_DEPRECATED_OBJC_IMPLEMENTATIONS = YES;
				CLANG_WARN_DIRECT_OBJC_ISA_USAGE = YES_ERROR;
				CLANG_WARN_DOCUMENTATION_COMMENTS = YES;
				CLANG_WARN_EMPTY_BODY = YES;
				CLANG_WARN_ENUM_CONVERSION = YES;
				CLANG_WARN_INFINITE_RECURSION = YES;
				CLANG_WARN_INT_CONVERSION = YES;
				CLANG_WARN_NON_LITERAL_NULL_CONVERSION = YES;
				CLANG_WARN_OBJC_IMPLICIT_RETAIN_SELF = YES;
				CLANG_WARN_OBJC_LITERAL_CONVERSION = YES;
				CLANG_WARN_OBJC_ROOT_CLASS = YES_ERROR;
				CLANG_WARN_QUOTED_INCLUDE_IN_FRAMEWORK_HEADER = YES;
				CLANG_WARN_RANGE_LOOP_ANALYSIS = YES;
				CLANG_WARN_STRICT_PROTOTYPES = YES;
				CLANG_WARN_SUSPICIOUS_MOVE = YES;
				CLANG_WARN_UNGUARDED_AVAILABILITY = YES_AGGRESSIVE;
				CLANG_WARN_UNREACHABLE_CODE = YES;
				CLANG_WARN__DUPLICATE_METHOD_MATCH = YES;
				COPY_PHASE_STRIP = NO;
				DEBUG_INFORMATION_FORMAT = dwarf;
				ENABLE_STRICT_OBJC_MSGSEND = YES;
				ENABLE_TESTABILITY = YES;
				GCC_C_LANGUAGE_STANDARD = gnu11;
				GCC_DYNAMIC_NO_PIC = NO;
				GCC_NO_COMMON_BLOCKS = YES;
				GCC_OPTIMIZATION_LEVEL = 0;
				GCC_PREPROCESSOR_DEFINITIONS = (
					"DEBUG=1",
					"$(inherited)",
				);
				GCC_WARN_64_TO_32_BIT_CONVERSION = YES;
				GCC_WARN_ABOUT_RETURN_TYPE = YES_ERROR;
				GCC_WARN_UNDECLARED_SELECTOR = YES;
				GCC_WARN_UNINITIALIZED_AUTOS = YES_AGGRESSIVE;
				GCC_WARN_UNUSED_FUNCTION = YES;
				GCC_WARN_UNUSED_VARIABLE = YES;
				IPHONEOS_DEPLOYMENT_TARGET = 16.4;
				MTL_ENABLE_DEBUG_INFO = INCLUDE_SOURCE;
				MTL_FAST_MATH = YES;
				ONLY_ACTIVE_ARCH = YES;
				SDKROOT = iphoneos;
				SWIFT_ACTIVE_COMPILATION_CONDITIONS = DEBUG;
				SWIFT_OPTIMIZATION_LEVEL = "-Onone";
			};
			name = Debug;
		};
		988CE5112AB3249200EADBA4 /* Release */ = {
			isa = XCBuildConfiguration;
			buildSettings = {
				ALWAYS_SEARCH_USER_PATHS = NO;
				CLANG_ANALYZER_NONNULL = YES;
				CLANG_ANALYZER_NUMBER_OBJECT_CONVERSION = YES_AGGRESSIVE;
				CLANG_CXX_LANGUAGE_STANDARD = "gnu++20";
				CLANG_ENABLE_MODULES = YES;
				CLANG_ENABLE_OBJC_ARC = YES;
				CLANG_ENABLE_OBJC_WEAK = YES;
				CLANG_WARN_BLOCK_CAPTURE_AUTORELEASING = YES;
				CLANG_WARN_BOOL_CONVERSION = YES;
				CLANG_WARN_COMMA = YES;
				CLANG_WARN_CONSTANT_CONVERSION = YES;
				CLANG_WARN_DEPRECATED_OBJC_IMPLEMENTATIONS = YES;
				CLANG_WARN_DIRECT_OBJC_ISA_USAGE = YES_ERROR;
				CLANG_WARN_DOCUMENTATION_COMMENTS = YES;
				CLANG_WARN_EMPTY_BODY = YES;
				CLANG_WARN_ENUM_CONVERSION = YES;
				CLANG_WARN_INFINITE_RECURSION = YES;
				CLANG_WARN_INT_CONVERSION = YES;
				CLANG_WARN_NON_LITERAL_NULL_CONVERSION = YES;
				CLANG_WARN_OBJC_IMPLICIT_RETAIN_SELF = YES;
				CLANG_WARN_OBJC_LITERAL_CONVERSION = YES;
				CLANG_WARN_OBJC_ROOT_CLASS = YES_ERROR;
				CLANG_WARN_QUOTED_INCLUDE_IN_FRAMEWORK_HEADER = YES;
				CLANG_WARN_RANGE_LOOP_ANALYSIS = YES;
				CLANG_WARN_STRICT_PROTOTYPES = YES;
				CLANG_WARN_SUSPICIOUS_MOVE = YES;
				CLANG_WARN_UNGUARDED_AVAILABILITY = YES_AGGRESSIVE;
				CLANG_WARN_UNREACHABLE_CODE = YES;
				CLANG_WARN__DUPLICATE_METHOD_MATCH = YES;
				COPY_PHASE_STRIP = NO;
				DEBUG_INFORMATION_FORMAT = "dwarf-with-dsym";
				ENABLE_NS_ASSERTIONS = NO;
				ENABLE_STRICT_OBJC_MSGSEND = YES;
				GCC_C_LANGUAGE_STANDARD = gnu11;
				GCC_NO_COMMON_BLOCKS = YES;
				GCC_WARN_64_TO_32_BIT_CONVERSION = YES;
				GCC_WARN_ABOUT_RETURN_TYPE = YES_ERROR;
				GCC_WARN_UNDECLARED_SELECTOR = YES;
				GCC_WARN_UNINITIALIZED_AUTOS = YES_AGGRESSIVE;
				GCC_WARN_UNUSED_FUNCTION = YES;
				GCC_WARN_UNUSED_VARIABLE = YES;
				IPHONEOS_DEPLOYMENT_TARGET = 16.4;
				MTL_ENABLE_DEBUG_INFO = NO;
				MTL_FAST_MATH = YES;
				SDKROOT = iphoneos;
				SWIFT_COMPILATION_MODE = wholemodule;
				SWIFT_OPTIMIZATION_LEVEL = "-O";
				VALIDATE_PRODUCT = YES;
			};
			name = Release;
		};
		988CE5132AB3249200EADBA4 /* Debug */ = {
			isa = XCBuildConfiguration;
			buildSettings = {
				ASSETCATALOG_COMPILER_APPICON_NAME = AppIcon;
				ASSETCATALOG_COMPILER_GLOBAL_ACCENT_COLOR_NAME = AccentColor;
				CODE_SIGN_STYLE = Automatic;
				CURRENT_PROJECT_VERSION = 1;
				DEVELOPMENT_ASSET_PATHS = "\"turtled/Preview Content\"";
				DEVELOPMENT_TEAM = 4HZC2Z3WWS;
				ENABLE_PREVIEWS = YES;
				GENERATE_INFOPLIST_FILE = YES;
				INFOPLIST_FILE = turtled/Info.plist;
				INFOPLIST_KEY_CFBundleDisplayName = Turtled;
				INFOPLIST_KEY_UIApplicationSceneManifest_Generation = YES;
				INFOPLIST_KEY_UIApplicationSupportsIndirectInputEvents = YES;
				INFOPLIST_KEY_UILaunchScreen_Generation = YES;
				INFOPLIST_KEY_UISupportedInterfaceOrientations_iPad = "UIInterfaceOrientationPortrait UIInterfaceOrientationPortraitUpsideDown UIInterfaceOrientationLandscapeLeft UIInterfaceOrientationLandscapeRight";
				INFOPLIST_KEY_UISupportedInterfaceOrientations_iPhone = "UIInterfaceOrientationPortrait UIInterfaceOrientationLandscapeLeft UIInterfaceOrientationLandscapeRight";
				INFOPLIST_KEY_UIUserInterfaceStyle = Light;
				IPHONEOS_DEPLOYMENT_TARGET = 16.0;
				LD_RUNPATH_SEARCH_PATHS = (
					"$(inherited)",
					"@executable_path/Frameworks",
				);
				MARKETING_VERSION = 1.0;
				PRODUCT_BUNDLE_IDENTIFIER = ocm.asd.turtled;
				PRODUCT_NAME = "$(TARGET_NAME)";
				SWIFT_EMIT_LOC_STRINGS = YES;
				SWIFT_VERSION = 5.0;
				TARGETED_DEVICE_FAMILY = "1,2";
			};
			name = Debug;
		};
		988CE5142AB3249200EADBA4 /* Release */ = {
			isa = XCBuildConfiguration;
			buildSettings = {
				ASSETCATALOG_COMPILER_APPICON_NAME = AppIcon;
				ASSETCATALOG_COMPILER_GLOBAL_ACCENT_COLOR_NAME = AccentColor;
				CODE_SIGN_STYLE = Automatic;
				CURRENT_PROJECT_VERSION = 1;
				DEVELOPMENT_ASSET_PATHS = "\"turtled/Preview Content\"";
				DEVELOPMENT_TEAM = 4HZC2Z3WWS;
				ENABLE_PREVIEWS = YES;
				GENERATE_INFOPLIST_FILE = YES;
				INFOPLIST_FILE = turtled/Info.plist;
				INFOPLIST_KEY_CFBundleDisplayName = Turtled;
				INFOPLIST_KEY_UIApplicationSceneManifest_Generation = YES;
				INFOPLIST_KEY_UIApplicationSupportsIndirectInputEvents = YES;
				INFOPLIST_KEY_UILaunchScreen_Generation = YES;
				INFOPLIST_KEY_UISupportedInterfaceOrientations_iPad = "UIInterfaceOrientationPortrait UIInterfaceOrientationPortraitUpsideDown UIInterfaceOrientationLandscapeLeft UIInterfaceOrientationLandscapeRight";
				INFOPLIST_KEY_UISupportedInterfaceOrientations_iPhone = "UIInterfaceOrientationPortrait UIInterfaceOrientationLandscapeLeft UIInterfaceOrientationLandscapeRight";
				INFOPLIST_KEY_UIUserInterfaceStyle = Light;
				IPHONEOS_DEPLOYMENT_TARGET = 16.0;
				LD_RUNPATH_SEARCH_PATHS = (
					"$(inherited)",
					"@executable_path/Frameworks",
				);
				MARKETING_VERSION = 1.0;
				PRODUCT_BUNDLE_IDENTIFIER = ocm.asd.turtled;
				PRODUCT_NAME = "$(TARGET_NAME)";
				SWIFT_EMIT_LOC_STRINGS = YES;
				SWIFT_VERSION = 5.0;
				TARGETED_DEVICE_FAMILY = "1,2";
			};
			name = Release;
		};
/* End XCBuildConfiguration section */

/* Begin XCConfigurationList section */
		988CE4FF2AB3249100EADBA4 /* Build configuration list for PBXProject "turtled" */ = {
			isa = XCConfigurationList;
			buildConfigurations = (
				988CE5102AB3249200EADBA4 /* Debug */,
				988CE5112AB3249200EADBA4 /* Release */,
			);
			defaultConfigurationIsVisible = 0;
			defaultConfigurationName = Release;
		};
		988CE5122AB3249200EADBA4 /* Build configuration list for PBXNativeTarget "turtled" */ = {
			isa = XCConfigurationList;
			buildConfigurations = (
				988CE5132AB3249200EADBA4 /* Debug */,
				988CE5142AB3249200EADBA4 /* Release */,
			);
			defaultConfigurationIsVisible = 0;
			defaultConfigurationName = Release;
		};
/* End XCConfigurationList section */
	};
	rootObject = 988CE4FC2AB3249100EADBA4 /* Project object */;
}
